// !$*UTF8*$!
{
	archiveVersion = 1;
	classes = {
	};
	objectVersion = 52;
	objects = {

/* Begin PBXBuildFile section */
		A802BF2726C1D17800566504 /* PokeSwiftUIApp.swift in Sources */ = {isa = PBXBuildFile; fileRef = A802BF2626C1D17800566504 /* PokeSwiftUIApp.swift */; };
		A802BF2926C1D17800566504 /* ContentView.swift in Sources */ = {isa = PBXBuildFile; fileRef = A802BF2826C1D17800566504 /* ContentView.swift */; };
		A802BF2B26C1D17900566504 /* Assets.xcassets in Resources */ = {isa = PBXBuildFile; fileRef = A802BF2A26C1D17900566504 /* Assets.xcassets */; };
		A802BF2E26C1D17900566504 /* Preview Assets.xcassets in Resources */ = {isa = PBXBuildFile; fileRef = A802BF2D26C1D17900566504 /* Preview Assets.xcassets */; };
		A802BF3626C1D35700566504 /* Launch Screen.storyboard in Resources */ = {isa = PBXBuildFile; fileRef = A802BF3526C1D35700566504 /* Launch Screen.storyboard */; };
		A802BF3926C1D37600566504 /* Architecture in Frameworks */ = {isa = PBXBuildFile; productRef = A802BF3826C1D37600566504 /* Architecture */; };
		A802BF3B26C1D37600566504 /* Domain in Frameworks */ = {isa = PBXBuildFile; productRef = A802BF3A26C1D37600566504 /* Domain */; };
		A802BF3D26C1D37600566504 /* Models in Frameworks */ = {isa = PBXBuildFile; productRef = A802BF3C26C1D37600566504 /* Models */; };
		A802BF3F26C1D37600566504 /* Services in Frameworks */ = {isa = PBXBuildFile; productRef = A802BF3E26C1D37600566504 /* Services */; };
/* End PBXBuildFile section */

/* Begin PBXFileReference section */
		A802BF2326C1D17800566504 /* PokeSwiftUI.app */ = {isa = PBXFileReference; explicitFileType = wrapper.application; includeInIndex = 0; path = PokeSwiftUI.app; sourceTree = BUILT_PRODUCTS_DIR; };
		A802BF2626C1D17800566504 /* PokeSwiftUIApp.swift */ = {isa = PBXFileReference; lastKnownFileType = sourcecode.swift; path = PokeSwiftUIApp.swift; sourceTree = "<group>"; };
		A802BF2826C1D17800566504 /* ContentView.swift */ = {isa = PBXFileReference; lastKnownFileType = sourcecode.swift; path = ContentView.swift; sourceTree = "<group>"; };
		A802BF2A26C1D17900566504 /* Assets.xcassets */ = {isa = PBXFileReference; lastKnownFileType = folder.assetcatalog; path = Assets.xcassets; sourceTree = "<group>"; };
		A802BF2D26C1D17900566504 /* Preview Assets.xcassets */ = {isa = PBXFileReference; lastKnownFileType = folder.assetcatalog; path = "Preview Assets.xcassets"; sourceTree = "<group>"; };
		A802BF2F26C1D17900566504 /* Info.plist */ = {isa = PBXFileReference; lastKnownFileType = text.plist.xml; path = Info.plist; sourceTree = "<group>"; };
		A802BF3526C1D35700566504 /* Launch Screen.storyboard */ = {isa = PBXFileReference; lastKnownFileType = file.storyboard; path = "Launch Screen.storyboard"; sourceTree = "<group>"; };
/* End PBXFileReference section */

/* Begin PBXFrameworksBuildPhase section */
		A802BF2026C1D17800566504 /* Frameworks */ = {
			isa = PBXFrameworksBuildPhase;
			buildActionMask = 2147483647;
			files = (
				A802BF3F26C1D37600566504 /* Services in Frameworks */,
				A802BF3D26C1D37600566504 /* Models in Frameworks */,
				A802BF3B26C1D37600566504 /* Domain in Frameworks */,
				A802BF3926C1D37600566504 /* Architecture in Frameworks */,
			);
			runOnlyForDeploymentPostprocessing = 0;
		};
/* End PBXFrameworksBuildPhase section */

/* Begin PBXGroup section */
		A802BF1A26C1D17800566504 = {
			isa = PBXGroup;
			children = (
				A802BF2526C1D17800566504 /* PokeSwiftUI */,
				A802BF2426C1D17800566504 /* Products */,
				A802BF3726C1D37600566504 /* Frameworks */,
			);
			sourceTree = "<group>";
		};
		A802BF2426C1D17800566504 /* Products */ = {
			isa = PBXGroup;
			children = (
				A802BF2326C1D17800566504 /* PokeSwiftUI.app */,
			);
			name = Products;
			sourceTree = "<group>";
		};
		A802BF2526C1D17800566504 /* PokeSwiftUI */ = {
			isa = PBXGroup;
			children = (
				A802BF2626C1D17800566504 /* PokeSwiftUIApp.swift */,
				A802BF2826C1D17800566504 /* ContentView.swift */,
				A802BF2A26C1D17900566504 /* Assets.xcassets */,
				A802BF2F26C1D17900566504 /* Info.plist */,
				A802BF2C26C1D17900566504 /* Preview Content */,
				A802BF3526C1D35700566504 /* Launch Screen.storyboard */,
			);
			path = PokeSwiftUI;
			sourceTree = "<group>";
		};
		A802BF2C26C1D17900566504 /* Preview Content */ = {
			isa = PBXGroup;
			children = (
				A802BF2D26C1D17900566504 /* Preview Assets.xcassets */,
			);
			path = "Preview Content";
			sourceTree = "<group>";
		};
		A802BF3726C1D37600566504 /* Frameworks */ = {
			isa = PBXGroup;
			children = (
			);
			name = Frameworks;
			sourceTree = "<group>";
		};
/* End PBXGroup section */

/* Begin PBXNativeTarget section */
		A802BF2226C1D17800566504 /* PokeSwiftUI */ = {
			isa = PBXNativeTarget;
			buildConfigurationList = A802BF3226C1D17900566504 /* Build configuration list for PBXNativeTarget "PokeSwiftUI" */;
			buildPhases = (
				A802BF1F26C1D17800566504 /* Sources */,
				A802BF2026C1D17800566504 /* Frameworks */,
				A802BF2126C1D17800566504 /* Resources */,
			);
			buildRules = (
			);
			dependencies = (
			);
			name = PokeSwiftUI;
			packageProductDependencies = (
				A802BF3826C1D37600566504 /* Architecture */,
				A802BF3A26C1D37600566504 /* Domain */,
				A802BF3C26C1D37600566504 /* Models */,
				A802BF3E26C1D37600566504 /* Services */,
			);
			productName = PokeSwiftUI;
			productReference = A802BF2326C1D17800566504 /* PokeSwiftUI.app */;
			productType = "com.apple.product-type.application";
		};
/* End PBXNativeTarget section */

/* Begin PBXProject section */
		A802BF1B26C1D17800566504 /* Project object */ = {
			isa = PBXProject;
			attributes = {
				LastSwiftUpdateCheck = 1250;
				LastUpgradeCheck = 1250;
				TargetAttributes = {
					A802BF2226C1D17800566504 = {
						CreatedOnToolsVersion = 12.5.1;
					};
				};
			};
			buildConfigurationList = A802BF1E26C1D17800566504 /* Build configuration list for PBXProject "PokeSwiftUI" */;
			compatibilityVersion = "Xcode 9.3";
			developmentRegion = en;
			hasScannedForEncodings = 0;
			knownRegions = (
				en,
				Base,
			);
			mainGroup = A802BF1A26C1D17800566504;
			productRefGroup = A802BF2426C1D17800566504 /* Products */;
			projectDirPath = "";
			projectRoot = "";
			targets = (
				A802BF2226C1D17800566504 /* PokeSwiftUI */,
			);
		};
/* End PBXProject section */

/* Begin PBXResourcesBuildPhase section */
		A802BF2126C1D17800566504 /* Resources */ = {
			isa = PBXResourcesBuildPhase;
			buildActionMask = 2147483647;
			files = (
				A802BF3626C1D35700566504 /* Launch Screen.storyboard in Resources */,
				A802BF2E26C1D17900566504 /* Preview Assets.xcassets in Resources */,
				A802BF2B26C1D17900566504 /* Assets.xcassets in Resources */,
			);
			runOnlyForDeploymentPostprocessing = 0;
		};
/* End PBXResourcesBuildPhase section */

/* Begin PBXSourcesBuildPhase section */
		A802BF1F26C1D17800566504 /* Sources */ = {
			isa = PBXSourcesBuildPhase;
			buildActionMask = 2147483647;
			files = (
				A802BF2926C1D17800566504 /* ContentView.swift in Sources */,
				A802BF2726C1D17800566504 /* PokeSwiftUIApp.swift in Sources */,
			);
			runOnlyForDeploymentPostprocessing = 0;
		};
/* End PBXSourcesBuildPhase section */

/* Begin XCBuildConfiguration section */
		A802BF3026C1D17900566504 /* Debug */ = {
			isa = XCBuildConfiguration;
			buildSettings = {
				ALWAYS_SEARCH_USER_PATHS = NO;
				CLANG_ANALYZER_NONNULL = YES;
				CLANG_ANALYZER_NUMBER_OBJECT_CONVERSION = YES_AGGRESSIVE;
				CLANG_CXX_LANGUAGE_STANDARD = "gnu++14";
				CLANG_CXX_LIBRARY = "libc++";
				CLANG_ENABLE_MODULES = YES;
				CLANG_ENABLE_OBJC_ARC = YES;
				CLANG_ENABLE_OBJC_WEAK = YES;
				CLANG_WARN_BLOCK_CAPTURE_AUTORELEASING = YES;
				CLANG_WARN_BOOL_CONVERSION = YES;
				CLANG_WARN_COMMA = YES;
				CLANG_WARN_CONSTANT_CONVERSION = YES;
				CLANG_WARN_DEPRECATED_OBJC_IMPLEMENTATIONS = YES;
				CLANG_WARN_DIRECT_OBJC_ISA_USAGE = YES_ERROR;
				CLANG_WARN_DOCUMENTATION_COMMENTS = YES;
				CLANG_WARN_EMPTY_BODY = YES;
				CLANG_WARN_ENUM_CONVERSION = YES;
				CLANG_WARN_INFINITE_RECURSION = YES;
				CLANG_WARN_INT_CONVERSION = YES;
				CLANG_WARN_NON_LITERAL_NULL_CONVERSION = YES;
				CLANG_WARN_OBJC_IMPLICIT_RETAIN_SELF = YES;
				CLANG_WARN_OBJC_LITERAL_CONVERSION = YES;
				CLANG_WARN_OBJC_ROOT_CLASS = YES_ERROR;
				CLANG_WARN_QUOTED_INCLUDE_IN_FRAMEWORK_HEADER = YES;
				CLANG_WARN_RANGE_LOOP_ANALYSIS = YES;
				CLANG_WARN_STRICT_PROTOTYPES = YES;
				CLANG_WARN_SUSPICIOUS_MOVE = YES;
				CLANG_WARN_UNGUARDED_AVAILABILITY = YES_AGGRESSIVE;
				CLANG_WARN_UNREACHABLE_CODE = YES;
				CLANG_WARN__DUPLICATE_METHOD_MATCH = YES;
				COPY_PHASE_STRIP = NO;
				DEBUG_INFORMATION_FORMAT = dwarf;
				ENABLE_STRICT_OBJC_MSGSEND = YES;
				ENABLE_TESTABILITY = YES;
				GCC_C_LANGUAGE_STANDARD = gnu11;
				GCC_DYNAMIC_NO_PIC = NO;
				GCC_NO_COMMON_BLOCKS = YES;
				GCC_OPTIMIZATION_LEVEL = 0;
				GCC_PREPROCESSOR_DEFINITIONS = (
					"DEBUG=1",
					"$(inherited)",
				);
				GCC_WARN_64_TO_32_BIT_CONVERSION = YES;
				GCC_WARN_ABOUT_RETURN_TYPE = YES_ERROR;
				GCC_WARN_UNDECLARED_SELECTOR = YES;
				GCC_WARN_UNINITIALIZED_AUTOS = YES_AGGRESSIVE;
				GCC_WARN_UNUSED_FUNCTION = YES;
				GCC_WARN_UNUSED_VARIABLE = YES;
				IPHONEOS_DEPLOYMENT_TARGET = 14.5;
				MTL_ENABLE_DEBUG_INFO = INCLUDE_SOURCE;
				MTL_FAST_MATH = YES;
				ONLY_ACTIVE_ARCH = YES;
				SDKROOT = iphoneos;
				SWIFT_ACTIVE_COMPILATION_CONDITIONS = DEBUG;
				SWIFT_OPTIMIZATION_LEVEL = "-Onone";
			};
			name = Debug;
		};
		A802BF3126C1D17900566504 /* Release */ = {
			isa = XCBuildConfiguration;
			buildSettings = {
				ALWAYS_SEARCH_USER_PATHS = NO;
				CLANG_ANALYZER_NONNULL = YES;
				CLANG_ANALYZER_NUMBER_OBJECT_CONVERSION = YES_AGGRESSIVE;
				CLANG_CXX_LANGUAGE_STANDARD = "gnu++14";
				CLANG_CXX_LIBRARY = "libc++";
				CLANG_ENABLE_MODULES = YES;
				CLANG_ENABLE_OBJC_ARC = YES;
				CLANG_ENABLE_OBJC_WEAK = YES;
				CLANG_WARN_BLOCK_CAPTURE_AUTORELEASING = YES;
				CLANG_WARN_BOOL_CONVERSION = YES;
				CLANG_WARN_COMMA = YES;
				CLANG_WARN_CONSTANT_CONVERSION = YES;
				CLANG_WARN_DEPRECATED_OBJC_IMPLEMENTATIONS = YES;
				CLANG_WARN_DIRECT_OBJC_ISA_USAGE = YES_ERROR;
				CLANG_WARN_DOCUMENTATION_COMMENTS = YES;
				CLANG_WARN_EMPTY_BODY = YES;
				CLANG_WARN_ENUM_CONVERSION = YES;
				CLANG_WARN_INFINITE_RECURSION = YES;
				CLANG_WARN_INT_CONVERSION = YES;
				CLANG_WARN_NON_LITERAL_NULL_CONVERSION = YES;
				CLANG_WARN_OBJC_IMPLICIT_RETAIN_SELF = YES;
				CLANG_WARN_OBJC_LITERAL_CONVERSION = YES;
				CLANG_WARN_OBJC_ROOT_CLASS = YES_ERROR;
				CLANG_WARN_QUOTED_INCLUDE_IN_FRAMEWORK_HEADER = YES;
				CLANG_WARN_RANGE_LOOP_ANALYSIS = YES;
				CLANG_WARN_STRICT_PROTOTYPES = YES;
				CLANG_WARN_SUSPICIOUS_MOVE = YES;
				CLANG_WARN_UNGUARDED_AVAILABILITY = YES_AGGRESSIVE;
				CLANG_WARN_UNREACHABLE_CODE = YES;
				CLANG_WARN__DUPLICATE_METHOD_MATCH = YES;
				COPY_PHASE_STRIP = NO;
				DEBUG_INFORMATION_FORMAT = "dwarf-with-dsym";
				ENABLE_NS_ASSERTIONS = NO;
				ENABLE_STRICT_OBJC_MSGSEND = YES;
				GCC_C_LANGUAGE_STANDARD = gnu11;
				GCC_NO_COMMON_BLOCKS = YES;
				GCC_WARN_64_TO_32_BIT_CONVERSION = YES;
				GCC_WARN_ABOUT_RETURN_TYPE = YES_ERROR;
				GCC_WARN_UNDECLARED_SELECTOR = YES;
				GCC_WARN_UNINITIALIZED_AUTOS = YES_AGGRESSIVE;
				GCC_WARN_UNUSED_FUNCTION = YES;
				GCC_WARN_UNUSED_VARIABLE = YES;
				IPHONEOS_DEPLOYMENT_TARGET = 14.5;
				MTL_ENABLE_DEBUG_INFO = NO;
				MTL_FAST_MATH = YES;
				SDKROOT = iphoneos;
				SWIFT_COMPILATION_MODE = wholemodule;
				SWIFT_OPTIMIZATION_LEVEL = "-O";
				VALIDATE_PRODUCT = YES;
			};
			name = Release;
		};
		A802BF3326C1D17900566504 /* Debug */ = {
			isa = XCBuildConfiguration;
			buildSettings = {
				ASSETCATALOG_COMPILER_APPICON_NAME = AppIcon;
				ASSETCATALOG_COMPILER_GLOBAL_ACCENT_COLOR_NAME = AccentColor;
				CODE_SIGN_STYLE = Automatic;
				DEVELOPMENT_ASSET_PATHS = "\"PokeSwiftUI/Preview Content\"";
				ENABLE_PREVIEWS = YES;
				INFOPLIST_FILE = PokeSwiftUI/Info.plist;
				IPHONEOS_DEPLOYMENT_TARGET = 14.0;
				LD_RUNPATH_SEARCH_PATHS = (
					"$(inherited)",
					"@executable_path/Frameworks",
				);
				PRODUCT_BUNDLE_IDENTIFIER = com.gorillalogic.dylanvelez.PokeSwiftUI;
				PRODUCT_NAME = "$(TARGET_NAME)";
				SWIFT_VERSION = 5.0;
				TARGETED_DEVICE_FAMILY = 1;
			};
			name = Debug;
		};
		A802BF3426C1D17900566504 /* Release */ = {
			isa = XCBuildConfiguration;
			buildSettings = {
				ASSETCATALOG_COMPILER_APPICON_NAME = AppIcon;
				ASSETCATALOG_COMPILER_GLOBAL_ACCENT_COLOR_NAME = AccentColor;
				CODE_SIGN_STYLE = Automatic;
				DEVELOPMENT_ASSET_PATHS = "\"PokeSwiftUI/Preview Content\"";
				ENABLE_PREVIEWS = YES;
				INFOPLIST_FILE = PokeSwiftUI/Info.plist;
				IPHONEOS_DEPLOYMENT_TARGET = 14.0;
				LD_RUNPATH_SEARCH_PATHS = (
					"$(inherited)",
					"@executable_path/Frameworks",
				);
				PRODUCT_BUNDLE_IDENTIFIER = com.gorillalogic.dylanvelez.PokeSwiftUI;
				PRODUCT_NAME = "$(TARGET_NAME)";
				SWIFT_VERSION = 5.0;
				TARGETED_DEVICE_FAMILY = 1;
			};
			name = Release;
		};
/* End XCBuildConfiguration section */

/* Begin XCConfigurationList section */
		A802BF1E26C1D17800566504 /* Build configuration list for PBXProject "PokeSwiftUI" */ = {
			isa = XCConfigurationList;
			buildConfigurations = (
				A802BF3026C1D17900566504 /* Debug */,
				A802BF3126C1D17900566504 /* Release */,
			);
			defaultConfigurationIsVisible = 0;
			defaultConfigurationName = Release;
		};
		A802BF3226C1D17900566504 /* Build configuration list for PBXNativeTarget "PokeSwiftUI" */ = {
			isa = XCConfigurationList;
			buildConfigurations = (
				A802BF3326C1D17900566504 /* Debug */,
				A802BF3426C1D17900566504 /* Release */,
			);
			defaultConfigurationIsVisible = 0;
			defaultConfigurationName = Release;
		};
/* End XCConfigurationList section */

/* Begin XCSwiftPackageProductDependency section */
		A802BF3826C1D37600566504 /* Architecture */ = {
			isa = XCSwiftPackageProductDependency;
			productName = Architecture;
		};
		A802BF3A26C1D37600566504 /* Domain */ = {
			isa = XCSwiftPackageProductDependency;
			productName = Domain;
		};
		A802BF3C26C1D37600566504 /* Models */ = {
			isa = XCSwiftPackageProductDependency;
			productName = Models;
		};
		A802BF3E26C1D37600566504 /* Services */ = {
			isa = XCSwiftPackageProductDependency;
			productName = Services;
		};
/* End XCSwiftPackageProductDependency section */
	};
	rootObject = A802BF1B26C1D17800566504 /* Project object */;
}
